
Microsoft Visual Studio Solution File, Format Version 12.00
# Visual Studio Version 17
VisualStudioVersion = 17.2.32602.215
MinimumVisualStudioVersion = 10.0.40219.1
Project("{FAE04EC0-301F-11D3-BF4B-00C04F79EFBC}") = "SinglyLinkedList", "LinkedList\SinglyLinkedList.csproj", "{C82422F4-2962-4A68-9180-91D10EA53B85}"
EndProject
Global
	GlobalSection(SolutionConfigurationPlatforms) = preSolution
		Debug|Any CPU = Debug|Any CPU
		Release|Any CPU = Release|Any CPU
	EndGlobalSection
	GlobalSection(ProjectConfigurationPlatforms) = postSolution
		{C82422F4-2962-4A68-9180-91D10EA53B85}.Debug|Any CPU.ActiveCfg = Debug|Any CPU
		{C82422F4-2962-4A68-9180-91D10EA53B85}.Debug|Any CPU.Build.0 = Debug|Any CPU
		{C82422F4-2962-4A68-9180-91D10EA53B85}.Release|Any CPU.ActiveCfg = Release|Any CPU
		{C82422F4-2962-4A68-9180-91D10EA53B85}.Release|Any CPU.Build.0 = Release|Any CPU
	EndGlobalSection
	GlobalSection(SolutionProperties) = preSolution
		HideSolutionNode = FALSE
	EndGlobalSection
	GlobalSection(ExtensibilityGlobals) = postSolution
		SolutionGuid = {1E459EEA-2616-4E44-918C-F3AC97B433B1}
	EndGlobalSection
EndGlobal
