
Microsoft Visual Studio Solution File, Format Version 12.00
# Visual Studio Version 17
VisualStudioVersion = 17.2.32602.215
MinimumVisualStudioVersion = 10.0.40219.1
Project("{9A19103F-16F7-4668-BE54-9A1E7A4F7556}") = "DoublyLinkedList", "DoublyLinkedList\DoublyLinkedList.csproj", "{C8F81CD2-442A-4B0F-A15F-2DA7B3BBEE96}"
EndProject
Project("{9A19103F-16F7-4668-BE54-9A1E7A4F7556}") = "SinglyLinkedList", "SinglyLinkedList\SinglyLinkedList.csproj", "{BFFB4B33-ACB7-4AE6-B099-BAF429435D7A}"
EndProject
Project("{9A19103F-16F7-4668-BE54-9A1E7A4F7556}") = "Queues", "Queues\Queues.csproj", "{7555BC5B-9AE7-40FC-A9BA-389E85F29D04}"
EndProject
Project("{9A19103F-16F7-4668-BE54-9A1E7A4F7556}") = "Stacks", "Stacks\Stacks.csproj", "{D2D307CE-202D-4AB1-B466-4A2C5A8B2DFA}"
EndProject
Project("{FAE04EC0-301F-11D3-BF4B-00C04F79EFBC}") = "BinarySearchTrees", "BinarySearchTrees\BinarySearchTrees.csproj", "{6380FE06-E743-40C6-86BE-6D5E2BDA522B}"
EndProject
Project("{FAE04EC0-301F-11D3-BF4B-00C04F79EFBC}") = "Graphs", "Graphs\Graphs.csproj", "{7EADF269-8789-4F4A-BD9A-438F1A2FEB34}"
EndProject
Project("{FAE04EC0-301F-11D3-BF4B-00C04F79EFBC}") = "Arrays", "Arrays\Arrays.csproj", "{5D017A13-0526-4402-9EC7-601AA4DDD580}"
EndProject
Project("{FAE04EC0-301F-11D3-BF4B-00C04F79EFBC}") = "Hashtable", "Hashtable\Hashtable.csproj", "{85F37E3D-EAF2-474E-9EB4-F6C81C9E7AC3}"
EndProject
Global
	GlobalSection(SolutionConfigurationPlatforms) = preSolution
		Debug|Any CPU = Debug|Any CPU
		Release|Any CPU = Release|Any CPU
	EndGlobalSection
	GlobalSection(ProjectConfigurationPlatforms) = postSolution
		{C8F81CD2-442A-4B0F-A15F-2DA7B3BBEE96}.Debug|Any CPU.ActiveCfg = Debug|Any CPU
		{C8F81CD2-442A-4B0F-A15F-2DA7B3BBEE96}.Debug|Any CPU.Build.0 = Debug|Any CPU
		{C8F81CD2-442A-4B0F-A15F-2DA7B3BBEE96}.Release|Any CPU.ActiveCfg = Release|Any CPU
		{C8F81CD2-442A-4B0F-A15F-2DA7B3BBEE96}.Release|Any CPU.Build.0 = Release|Any CPU
		{BFFB4B33-ACB7-4AE6-B099-BAF429435D7A}.Debug|Any CPU.ActiveCfg = Debug|Any CPU
		{BFFB4B33-ACB7-4AE6-B099-BAF429435D7A}.Debug|Any CPU.Build.0 = Debug|Any CPU
		{BFFB4B33-ACB7-4AE6-B099-BAF429435D7A}.Release|Any CPU.ActiveCfg = Release|Any CPU
		{BFFB4B33-ACB7-4AE6-B099-BAF429435D7A}.Release|Any CPU.Build.0 = Release|Any CPU
		{7555BC5B-9AE7-40FC-A9BA-389E85F29D04}.Debug|Any CPU.ActiveCfg = Debug|Any CPU
		{7555BC5B-9AE7-40FC-A9BA-389E85F29D04}.Debug|Any CPU.Build.0 = Debug|Any CPU
		{7555BC5B-9AE7-40FC-A9BA-389E85F29D04}.Release|Any CPU.ActiveCfg = Release|Any CPU
		{7555BC5B-9AE7-40FC-A9BA-389E85F29D04}.Release|Any CPU.Build.0 = Release|Any CPU
		{D2D307CE-202D-4AB1-B466-4A2C5A8B2DFA}.Debug|Any CPU.ActiveCfg = Debug|Any CPU
		{D2D307CE-202D-4AB1-B466-4A2C5A8B2DFA}.Debug|Any CPU.Build.0 = Debug|Any CPU
		{D2D307CE-202D-4AB1-B466-4A2C5A8B2DFA}.Release|Any CPU.ActiveCfg = Release|Any CPU
		{D2D307CE-202D-4AB1-B466-4A2C5A8B2DFA}.Release|Any CPU.Build.0 = Release|Any CPU
		{6380FE06-E743-40C6-86BE-6D5E2BDA522B}.Debug|Any CPU.ActiveCfg = Debug|Any CPU
		{6380FE06-E743-40C6-86BE-6D5E2BDA522B}.Debug|Any CPU.Build.0 = Debug|Any CPU
		{6380FE06-E743-40C6-86BE-6D5E2BDA522B}.Release|Any CPU.ActiveCfg = Release|Any CPU
		{6380FE06-E743-40C6-86BE-6D5E2BDA522B}.Release|Any CPU.Build.0 = Release|Any CPU
		{7EADF269-8789-4F4A-BD9A-438F1A2FEB34}.Debug|Any CPU.ActiveCfg = Debug|Any CPU
		{7EADF269-8789-4F4A-BD9A-438F1A2FEB34}.Debug|Any CPU.Build.0 = Debug|Any CPU
		{7EADF269-8789-4F4A-BD9A-438F1A2FEB34}.Release|Any CPU.ActiveCfg = Release|Any CPU
		{7EADF269-8789-4F4A-BD9A-438F1A2FEB34}.Release|Any CPU.Build.0 = Release|Any CPU
		{5D017A13-0526-4402-9EC7-601AA4DDD580}.Debug|Any CPU.ActiveCfg = Debug|Any CPU
		{5D017A13-0526-4402-9EC7-601AA4DDD580}.Debug|Any CPU.Build.0 = Debug|Any CPU
		{5D017A13-0526-4402-9EC7-601AA4DDD580}.Release|Any CPU.ActiveCfg = Release|Any CPU
		{5D017A13-0526-4402-9EC7-601AA4DDD580}.Release|Any CPU.Build.0 = Release|Any CPU
		{85F37E3D-EAF2-474E-9EB4-F6C81C9E7AC3}.Debug|Any CPU.ActiveCfg = Debug|Any CPU
		{85F37E3D-EAF2-474E-9EB4-F6C81C9E7AC3}.Debug|Any CPU.Build.0 = Debug|Any CPU
		{85F37E3D-EAF2-474E-9EB4-F6C81C9E7AC3}.Release|Any CPU.ActiveCfg = Release|Any CPU
		{85F37E3D-EAF2-474E-9EB4-F6C81C9E7AC3}.Release|Any CPU.Build.0 = Release|Any CPU
	EndGlobalSection
	GlobalSection(SolutionProperties) = preSolution
		HideSolutionNode = FALSE
	EndGlobalSection
	GlobalSection(ExtensibilityGlobals) = postSolution
		SolutionGuid = {1E459EEA-2616-4E44-918C-F3AC97B433B1}
	EndGlobalSection
EndGlobal
